{
  "version": "2",
  "remote": {
    "https://deno.land/std@0.159.0/async/abortable.ts": "87aa7230be8360c24ad437212311c9e8d4328854baec27b4c7abb26e85515c06",
    "https://deno.land/std@0.159.0/async/deadline.ts": "48ac998d7564969f3e6ec6b6f9bf0217ebd00239b1b2292feba61272d5dd58d0",
    "https://deno.land/std@0.159.0/async/debounce.ts": "de5433bff08a2bb61416fc53b3bd2d5867090c8a815465e5b4a10a77495b1051",
    "https://deno.land/std@0.159.0/async/deferred.ts": "c01de44b9192359cebd3fe93273fcebf9e95110bf3360023917da9a2d1489fae",
    "https://deno.land/std@0.159.0/async/delay.ts": "0419dfc993752849692d1f9647edf13407c7facc3509b099381be99ffbc9d699",
    "https://deno.land/std@0.159.0/async/mod.ts": "dd0a8ed4f3984ffabe2fcca7c9f466b7932d57b1864ffee148a5d5388316db6b",
    "https://deno.land/std@0.159.0/async/mux_async_iterator.ts": "3447b28a2a582224a3d4d3596bccbba6e85040da3b97ed64012f7decce98d093",
    "https://deno.land/std@0.159.0/async/pool.ts": "ef9eb97b388543acbf0ac32647121e4dbe629236899586c4d4311a8770fbb239",
    "https://deno.land/std@0.159.0/async/tee.ts": "d27680d911816fcb3d231e16d690e7588079e66a9b2e5ce8cc354db94fdce95f",
    "https://deno.land/std@0.159.0/http/server.ts": "e99c1bee8a3f6571ee4cdeb2966efad465b8f6fe62bec1bdb59c1f007cc4d155",
    "https://deno.land/std@0.170.0/_util/asserts.ts": "d0844e9b62510f89ce1f9878b046f6a57bf88f208a10304aab50efcb48365272",
    "https://deno.land/std@0.170.0/_util/os.ts": "8a33345f74990e627b9dfe2de9b040004b08ea5146c7c9e8fe9a29070d193934",
    "https://deno.land/std@0.170.0/bytes/index_of_needle.ts": "19db73583cf6e038ca7763dd9fe9b9f2733ffa8be530d7b42f52bc9f3c2ee989",
    "https://deno.land/std@0.170.0/encoding/base64.ts": "8605e018e49211efc767686f6f687827d7f5fd5217163e981d8d693105640d7a",
    "https://deno.land/std@0.170.0/encoding/base64url.ts": "0283b12fcd306c11e3cf26fc022fecc800c6acc19704ea8bdb3908898fcd06d6",
    "https://deno.land/std@0.170.0/node/_core.ts": "92e000441742387f7ded7cc582ca4089c0bc13aa5f00cecdfa4876dc832dfd10",
    "https://deno.land/std@0.170.0/node/_utils.ts": "1085a229e910b3a6672f3c3be05507591811dc67be2ae2188e9fc9ef4376b172",
    "https://deno.land/std@0.170.0/node/buffer.ts": "43f07b2d1523345bf35b7deb7fcdad6e916020a631a7bc1b5efcaff556db4e1d",
    "https://deno.land/std@0.170.0/node/internal/buffer.d.ts": "90f674081428a61978b6d481c5f557ff743a3f4a85d7ae113caab48fdf5b8a63",
    "https://deno.land/std@0.170.0/node/internal/buffer.mjs": "50320a6bcf770f03428e77e5ba46b19f69842539c6493b89c6515ba1b0def6ee",
    "https://deno.land/std@0.170.0/node/internal/crypto/_keys.ts": "63229ff3d8d15b5bd0a1d2ebc19313cbb8ac969875bf16df1ce4f2b497d74fb5",
    "https://deno.land/std@0.170.0/node/internal/crypto/constants.ts": "d2c8821977aef55e4d66414d623c24a2447791a8b49b6404b8db32d81e20c315",
    "https://deno.land/std@0.170.0/node/internal/error_codes.ts": "ac03c4eae33de3a69d6c98e8678003207eecf75a6900eb847e3fea3c8c9e6d8f",
    "https://deno.land/std@0.170.0/node/internal/errors.ts": "b9aec7d1fe3eaf21322d0ea9dc2fcb344055d6b0c7a1bd0f62a0c379a5baa799",
    "https://deno.land/std@0.170.0/node/internal/hide_stack_frames.ts": "a91962ec84610bc7ec86022c4593cdf688156a5910c07b5bcd71994225c13a03",
    "https://deno.land/std@0.170.0/node/internal/normalize_encoding.mjs": "3779ec8a7adf5d963b0224f9b85d1bc974a2ec2db0e858396b5d3c2c92138a0a",
    "https://deno.land/std@0.170.0/node/internal/primordials.mjs": "7cf5afe471583e4a384eeea109bdff276b6b7f3a3af830f99f951fb7d57ef423",
    "https://deno.land/std@0.170.0/node/internal/util.mjs": "35d24fb775468cd24443bcf0ec68904b8aa44e5b53845491a5e3382421917f9a",
    "https://deno.land/std@0.170.0/node/internal/util/inspect.mjs": "1ddace0c97719d2cc0869ba177d375e96051301352ec235cbfb2ecbfcd4e8fba",
    "https://deno.land/std@0.170.0/node/internal/util/types.ts": "5b15a8051a6e58b6c1a424e0e7137b77b0ef60409d54d05db22a97e0d1d5b589",
    "https://deno.land/std@0.170.0/node/internal/validators.mjs": "67deae0f488d013c8bf485742a5478112b8e48837cb2458c4a8b2669cf7017db",
    "https://deno.land/std@0.170.0/node/internal_binding/_libuv_winerror.ts": "801e05c2742ae6cd42a5f0fd555a255a7308a65732551e962e5345f55eedc519",
    "https://deno.land/std@0.170.0/node/internal_binding/_node.ts": "e4075ba8a37aef4eb5b592c8e3807c39cb49ca8653faf8e01a43421938076c1b",
    "https://deno.land/std@0.170.0/node/internal_binding/_utils.ts": "1c50883b5751a9ea1b38951e62ed63bacfdc9d69ea665292edfa28e1b1c5bd94",
    "https://deno.land/std@0.170.0/node/internal_binding/_winerror.ts": "8811d4be66f918c165370b619259c1f35e8c3e458b8539db64c704fbde0a7cd2",
    "https://deno.land/std@0.170.0/node/internal_binding/buffer.ts": "dfba9e1a50b637cfd72e569aa11959dcaf626b898ab7e851d21526a2bdaec588",
    "https://deno.land/std@0.170.0/node/internal_binding/constants.ts": "1ad4de9f76733320527c8bc841b5e4dd5869424924384157a72f3b171bd05b08",
    "https://deno.land/std@0.170.0/node/internal_binding/string_decoder.ts": "5cb1863763d1e9b458bc21d6f976f16d9c18b3b3f57eaf0ade120aee38fba227",
    "https://deno.land/std@0.170.0/node/internal_binding/types.ts": "69000b1b92e0ca999c737f5add38827742b3ca3fe37a2389c80290de0ae6ef01",
    "https://deno.land/std@0.170.0/node/internal_binding/util.ts": "faf5146c3cc3b2d6c26026a818b4a16e91488ab26e63c069f36ba3c3ae24c97b",
    "https://deno.land/std@0.170.0/node/internal_binding/uv.ts": "27922aaec43de314afd99dfca1ce8f4d51ced9f5195e4917b54d387766404f61",
    "https://esm.sh/@supabase/supabase-js@2.2.3": "2d2b5d9b89c0ca9099665be17d7523916597b043760870e1747bcd259ef02e3f",
    "https://esm.sh/v102/@supabase/functions-js@2.0.0/deno/functions-js.js": "9781451275147d1a1ebee4c7c573bbf87def4e75f98d5347449612a16b805d83",
    "https://esm.sh/v102/@supabase/functions-js@2.0.0/dist/module/FunctionsClient.d.ts": "ef3d2f4fb207809a3b0eec96066238a25489388c6b38e066be70dfd6c41c65df",
    "https://esm.sh/v102/@supabase/functions-js@2.0.0/dist/module/index.d.ts": "77215ae20a49e5cd6c18054f53e479ffcd70dcea12e7bf6a6a0df86ff9a486f7",
    "https://esm.sh/v102/@supabase/functions-js@2.0.0/dist/module/types.d.ts": "264972165defc2488da3121ddbcb4d7f5438042e10d995d250d87f4a3ff5b2a9",
    "https://esm.sh/v102/@supabase/gotrue-js@2.6.1/deno/gotrue-js.js": "b2174e1781e22ad8222fe7b0252d807200acdc4a9d82322ab3d7f010c7b949ce",
    "https://esm.sh/v102/@supabase/gotrue-js@2.6.1/dist/module/GoTrueAdminApi.d.ts": "526cc3c5f9b976b31144c4f61a9a5c7f1e12472fdb7f9b55cd0625a98d943db2",
    "https://esm.sh/v102/@supabase/gotrue-js@2.6.1/dist/module/GoTrueClient.d.ts": "3226546db5620dac74b3db4fd648bf403a779d6f8dc812dcd654822470b905df",
    "https://esm.sh/v102/@supabase/gotrue-js@2.6.1/dist/module/index.d.ts": "8cdbab5746a3ce56786025593191032aeb560f933279507c260d2bb65e83b636",
    "https://esm.sh/v102/@supabase/gotrue-js@2.6.1/dist/module/lib/errors.d.ts": "17c2d3e8e939900632ef7c75b97a4c6595757e3b812698d593ad873b76d61114",
    "https://esm.sh/v102/@supabase/gotrue-js@2.6.1/dist/module/lib/fetch.d.ts": "0124365bdd93bdaefc37112cad6eafefdb01ae36c657770a64df7dbf5f305342",
    "https://esm.sh/v102/@supabase/gotrue-js@2.6.1/dist/module/lib/helpers.d.ts": "e796fb3014acf38a73dcce31fe43ad464f9222d127b03f8e5a2ff99f66f8be46",
    "https://esm.sh/v102/@supabase/gotrue-js@2.6.1/dist/module/lib/types.d.ts": "3379dd9ab924f26527e0fcec3ddd8b464d7765526d1d2f3d16106ea8ddd140fe",
    "https://esm.sh/v102/@supabase/postgrest-js@1.1.1/deno/postgrest-js.js": "a145bed28ac05353aa67fa5780dd6a5908b3e685ddab442f0daa4dc5b07b4103",
    "https://esm.sh/v102/@supabase/postgrest-js@1.1.1/dist/module/PostgrestBuilder.d.ts": "53a0460f748330c1be55f76afa210fe6097a20aac9af7a2b48c52710e15d793c",
    "https://esm.sh/v102/@supabase/postgrest-js@1.1.1/dist/module/PostgrestClient.d.ts": "70bddc51d63d92a5f6817be70f4e0d232c6758b425792adb6a9912844aa18747",
    "https://esm.sh/v102/@supabase/postgrest-js@1.1.1/dist/module/PostgrestFilterBuilder.d.ts": "a5c93476d23858a561734a206dd583c1b0fe319f3e9856f69e79134608439e62",
    "https://esm.sh/v102/@supabase/postgrest-js@1.1.1/dist/module/PostgrestQueryBuilder.d.ts": "46b4ffa53e3afee3328a902e4c724b19636ca0d1ceb64d7eba02e98fa2be273f",
    "https://esm.sh/v102/@supabase/postgrest-js@1.1.1/dist/module/PostgrestTransformBuilder.d.ts": "6e74821d9c6eca911da2b4aae003feadce8874d4234cbc78c649f59ba5face72",
    "https://esm.sh/v102/@supabase/postgrest-js@1.1.1/dist/module/index.d.ts": "539d964aeedfc1c2832f32e3fdc13969b28170efda9e8b457a322957350071df",
    "https://esm.sh/v102/@supabase/postgrest-js@1.1.1/dist/module/select-query-parser.d.ts": "ccb0e08ef4df890abaccea4450aab5c28bdcf21642a91195a8e93363f0a463b1",
    "https://esm.sh/v102/@supabase/postgrest-js@1.1.1/dist/module/types.d.ts": "8d9f16269624f9d48594061cc2bc43c52823b1be77360c585e7c8e5c498b32a3",
    "https://esm.sh/v102/@supabase/realtime-js@2.1.0/deno/realtime-js.js": "35be1dec45e9d353ff080654573fe2433af5e84268a574f943874f1385ab3abd",
    "https://esm.sh/v102/@supabase/realtime-js@2.1.0/dist/module/RealtimeChannel.d.ts": "9dfd1e58a2892ca73d0897f1b42bcf11eea4a9c389ba304bd84385e4903ad2fc",
    "https://esm.sh/v102/@supabase/realtime-js@2.1.0/dist/module/RealtimeClient.d.ts": "a3269522e03dc98583c8024a1bbaece447c19f58f2dbe4284074f3e24d9b0e9e",
    "https://esm.sh/v102/@supabase/realtime-js@2.1.0/dist/module/RealtimePresence.d.ts": "d01bd7dcf86be9165ce2578c8dde323ea54b0167684a94bc1e1c3b5fd19a472e",
    "https://esm.sh/v102/@supabase/realtime-js@2.1.0/dist/module/index.d.ts": "eeff0dbcd61707a889eb2370cf3617ef42ddc2f71d7d4d18e1e43542893c066d",
    "https://esm.sh/v102/@supabase/realtime-js@2.1.0/dist/module/lib/constants.d.ts": "b8392f2eb7cf41c3479c142875adbbe4b48bfafdced532165abc1cc68aa20cb5",
    "https://esm.sh/v102/@supabase/realtime-js@2.1.0/dist/module/lib/push.d.ts": "65459f6c4c166a7264b5a7a761414c9bf4e0d2dbf0803e1e53e2ecefdbaa1e1d",
    "https://esm.sh/v102/@supabase/realtime-js@2.1.0/dist/module/lib/serializer.d.ts": "4990f875f6e9a1898655fdba7b822222f8b930bfb7c9253b4f047aa4b05d4ca1",
    "https://esm.sh/v102/@supabase/realtime-js@2.1.0/dist/module/lib/timer.d.ts": "ddf170afd193dc372316ed1f4a087f0e9732a5b8bd9cb9e5c3ac74f1cc676e31",
    "https://esm.sh/v102/@supabase/storage-js@2.1.0/deno/storage-js.js": "c301792704af09e60bf787b904a3bb9c1d9e9ca67f52ebc0b3f2873fc24f5663",
    "https://esm.sh/v102/@supabase/storage-js@2.1.0/dist/module/StorageClient.d.ts": "716bdde7f3ea8f49606ac540ceb4b410facb9526668711ffb5676f7935f3408d",
    "https://esm.sh/v102/@supabase/storage-js@2.1.0/dist/module/index.d.ts": "07800a0eea5587ec26d8932a4f5f10871b9e017292ab05b74b27154fb5f98860",
    "https://esm.sh/v102/@supabase/storage-js@2.1.0/dist/module/lib/errors.d.ts": "753c82a97a0e1b05fec3989af93e4fbf2f4a3da3957584613768593ef5cc8bfc",
    "https://esm.sh/v102/@supabase/storage-js@2.1.0/dist/module/lib/fetch.d.ts": "18b68d37f6564cc754ade6371fc7e655a775e91b10abf0f45d0c037b93436761",
    "https://esm.sh/v102/@supabase/storage-js@2.1.0/dist/module/lib/types.d.ts": "1ad0ab22bed5b3a00fd990bd01eefa65deb980d8991698aba99a08ab8152f3f5",
    "https://esm.sh/v102/@supabase/storage-js@2.1.0/dist/module/packages/StorageBucketApi.d.ts": "fcdbe1b00e3430099530a00a3cfb446e5065a715e0eaae55ae3fcc681de38e29",
    "https://esm.sh/v102/@supabase/storage-js@2.1.0/dist/module/packages/StorageFileApi.d.ts": "1106fbf9b4e2e3a8e5168dda219f3ecb2c6c9a3fe7f5f28cb102dc77930547f5",
    "https://esm.sh/v102/@supabase/supabase-js@2.2.3/deno/supabase-js.js": "964daf44dd9f8b0206b39360603b999780785dfef9e018ef2561aaf6b0ed927b",
    "https://esm.sh/v102/@supabase/supabase-js@2.2.3/dist/module/SupabaseClient.d.ts": "9e3807230a4f8131bedcfc03a9ce95e96dc6b887662bc7f47da8a8edfea56e9b",
    "https://esm.sh/v102/@supabase/supabase-js@2.2.3/dist/module/index.d.ts": "c73e609d83f0904047822a28c59b24fd028c7ba624a01a595752ab0dcd79969c",
    "https://esm.sh/v102/@supabase/supabase-js@2.2.3/dist/module/lib/SupabaseAuthClient.d.ts": "ad81f4b6954fb37f743436620632a9032af62118ed1889f4cbbac155f3691190",
    "https://esm.sh/v102/@supabase/supabase-js@2.2.3/dist/module/lib/types.d.ts": "4349eb348512baff7f0feed483b3c77ac1bae0b772d710ff5673022e3afa7b66",
    "https://esm.sh/v102/@types/phoenix@1.5.4/index.d.ts": "5bedfe185f19a13c7df212e1eec2584b710b9db5fd5e73b767df2e6116313565",
    "https://esm.sh/v102/cross-fetch@3.1.5/deno/cross-fetch.js": "6623ff9b8dc94523869d9a2615cf6d2f02a918b3ae1c6ece9306cac9c641b054",
    "https://esm.sh/v102/es5-ext@0.10.62/deno/global.js": "17f5318602f1810be13fba7eb0d5fc2d8ac3dd5117f1ff13f8377eab2e2a4784",
    "https://esm.sh/v102/node.ns.d.ts": "0fb081f0cd2150931bd54baa04f31466abd9ca701fd9060d07931402cf8367ba",
    "https://esm.sh/v102/websocket@1.0.34/deno/websocket.js": "5b8a13bd19930dfcc86c3da4c6a069f4d49f0281584a856d3f09c05e7dcaa187",
    "https://raw.githubusercontent.com/vwkd/kita-utils/c721ac460a7defbfceaff4ae062c1d4d4b1f193e/src/logger.ts": "64d047ccc3a35f41bdcfc11aaf0168920e6073394359334e6e45b0dd8a0692cf"
  }
}
